
Microsoft Visual Studio Solution File, Format Version 12.00
# Visual Studio 15
VisualStudioVersion = 15.0.28010.2036
MinimumVisualStudioVersion = 10.0.40219.1
Project("{FAE04EC0-301F-11D3-BF4B-00C04F79EFBC}") = "abstrakcja", "abstrakcja\abstrakcja.csproj", "{EA3B5D51-15FC-4DCF-95F8-CA07AC604E75}"
EndProject
Global
	GlobalSection(SolutionConfigurationPlatforms) = preSolution
		Debug|Any CPU = Debug|Any CPU
		Release|Any CPU = Release|Any CPU
	EndGlobalSection
	GlobalSection(ProjectConfigurationPlatforms) = postSolution
		{EA3B5D51-15FC-4DCF-95F8-CA07AC604E75}.Debug|Any CPU.ActiveCfg = Debug|Any CPU
		{EA3B5D51-15FC-4DCF-95F8-CA07AC604E75}.Debug|Any CPU.Build.0 = Debug|Any CPU
		{EA3B5D51-15FC-4DCF-95F8-CA07AC604E75}.Release|Any CPU.ActiveCfg = Release|Any CPU
		{EA3B5D51-15FC-4DCF-95F8-CA07AC604E75}.Release|Any CPU.Build.0 = Release|Any CPU
	EndGlobalSection
	GlobalSection(SolutionProperties) = preSolution
		HideSolutionNode = FALSE
	EndGlobalSection
	GlobalSection(ExtensibilityGlobals) = postSolution
		SolutionGuid = {A501653A-734B-46E0-9103-44966842FBF1}
	EndGlobalSection
EndGlobal
